
Microsoft Visual Studio Solution File, Format Version 12.00
# Visual Studio Version 17
VisualStudioVersion = 17.10.35013.160
MinimumVisualStudioVersion = 10.0.40219.1
Project("{FAE04EC0-301F-11D3-BF4B-00C04F79EFBC}") = "Exo-Banque", "Exo-Banque\Exo-Banque.csproj", "{DD70705E-F401-4F20-810A-C3F4DA726E3C}"
EndProject
Global
	GlobalSection(SolutionConfigurationPlatforms) = preSolution
		Debug|Any CPU = Debug|Any CPU
		Release|Any CPU = Release|Any CPU
	EndGlobalSection
	GlobalSection(ProjectConfigurationPlatforms) = postSolution
		{DD70705E-F401-4F20-810A-C3F4DA726E3C}.Debug|Any CPU.ActiveCfg = Debug|Any CPU
		{DD70705E-F401-4F20-810A-C3F4DA726E3C}.Debug|Any CPU.Build.0 = Debug|Any CPU
		{DD70705E-F401-4F20-810A-C3F4DA726E3C}.Release|Any CPU.ActiveCfg = Release|Any CPU
		{DD70705E-F401-4F20-810A-C3F4DA726E3C}.Release|Any CPU.Build.0 = Release|Any CPU
	EndGlobalSection
	GlobalSection(SolutionProperties) = preSolution
		HideSolutionNode = FALSE
	EndGlobalSection
	GlobalSection(ExtensibilityGlobals) = postSolution
		SolutionGuid = {303CC111-AF36-4476-BFB6-5D0739609A41}
	EndGlobalSection
EndGlobal
